// !$*UTF8*$!
{
	archiveVersion = 1;
	classes = {
	};
	objectVersion = 56;
	objects = {

/* Begin PBXBuildFile section */
		0ACD11AB2CF306FB00B328BB /* FlightInfo.swift in Sources */ = {isa = PBXBuildFile; fileRef = 0ACD11AA2CF306FB00B328BB /* FlightInfo.swift */; };
		0ACD11AD2CF3070600B328BB /* FlightInfoEntryView.swift in Sources */ = {isa = PBXBuildFile; fileRef = 0ACD11AC2CF3070600B328BB /* FlightInfoEntryView.swift */; };
		0ACD11AF2CF3070E00B328BB /* ManualFlightEntryView.swift in Sources */ = {isa = PBXBuildFile; fileRef = 0ACD11AE2CF3070E00B328BB /* ManualFlightEntryView.swift */; };
		0ACD11B12CF3071700B328BB /* ScheduledRideView.swift in Sources */ = {isa = PBXBuildFile; fileRef = 0ACD11B02CF3071700B328BB /* ScheduledRideView.swift */; };
		1F80F10A2CE6ABD4005FB48E /* ProfileSettingsView.swift in Sources */ = {isa = PBXBuildFile; fileRef = 1F80F1092CE6ABD4005FB48E /* ProfileSettingsView.swift */; };
		1F80F10C2CE6ABF1005FB48E /* ChangePasswordView.swift in Sources */ = {isa = PBXBuildFile; fileRef = 1F80F10B2CE6ABF1005FB48E /* ChangePasswordView.swift */; };
		1F80F10E2CE6AC03005FB48E /* CustomerSupportView.swift in Sources */ = {isa = PBXBuildFile; fileRef = 1F80F10D2CE6AC03005FB48E /* CustomerSupportView.swift */; };
		3F92536E2CF5152300B0DECF /* SignupView.swift in Sources */ = {isa = PBXBuildFile; fileRef = 3F9253672CF5152300B0DECF /* SignupView.swift */; };
		3F92536F2CF5152300B0DECF /* CustomComponents.swift in Sources */ = {isa = PBXBuildFile; fileRef = 3F9253682CF5152300B0DECF /* CustomComponents.swift */; };
		3F9253702CF5152300B0DECF /* LoginView.swift in Sources */ = {isa = PBXBuildFile; fileRef = 3F9253692CF5152300B0DECF /* LoginView.swift */; };
		3F9253712CF5152300B0DECF /* ForgotPassword.swift in Sources */ = {isa = PBXBuildFile; fileRef = 3F92536A2CF5152300B0DECF /* ForgotPassword.swift */; };
		3F9253722CF5152300B0DECF /* CreateAccount.swift in Sources */ = {isa = PBXBuildFile; fileRef = 3F92536B2CF5152300B0DECF /* CreateAccount.swift */; };
		3F9253732CF5152300B0DECF /* VerifyCode.swift in Sources */ = {isa = PBXBuildFile; fileRef = 3F92536C2CF5152300B0DECF /* VerifyCode.swift */; };
		3F9253742CF5152300B0DECF /* CreateNewPassword.swift in Sources */ = {isa = PBXBuildFile; fileRef = 3F92536D2CF5152300B0DECF /* CreateNewPassword.swift */; };
		3F9253762CF5174800B0DECF /* NetworkManager.swift in Sources */ = {isa = PBXBuildFile; fileRef = 3F9253752CF5174800B0DECF /* NetworkManager.swift */; };
		687758692CE67AAA003CA3E9 /* Lion_LiftApp.swift in Sources */ = {isa = PBXBuildFile; fileRef = 687758682CE67AAA003CA3E9 /* Lion_LiftApp.swift */; };
		6877586B2CE67AAA003CA3E9 /* ContentView.swift in Sources */ = {isa = PBXBuildFile; fileRef = 6877586A2CE67AAA003CA3E9 /* ContentView.swift */; };
		6877586D2CE67AAC003CA3E9 /* Assets.xcassets in Resources */ = {isa = PBXBuildFile; fileRef = 6877586C2CE67AAC003CA3E9 /* Assets.xcassets */; };
		687758702CE67AAC003CA3E9 /* Preview Assets.xcassets in Resources */ = {isa = PBXBuildFile; fileRef = 6877586F2CE67AAC003CA3E9 /* Preview Assets.xcassets */; };
		6877588A2CE67CEA003CA3E9 /* ProfileView.swift in Sources */ = {isa = PBXBuildFile; fileRef = 687758892CE67CEA003CA3E9 /* ProfileView.swift */; };
		6877588C2CE67CF5003CA3E9 /* HomeView.swift in Sources */ = {isa = PBXBuildFile; fileRef = 6877588B2CE67CF5003CA3E9 /* HomeView.swift */; };
		6877588E2CE67CFF003CA3E9 /* CarpoolsView.swift in Sources */ = {isa = PBXBuildFile; fileRef = 6877588D2CE67CFF003CA3E9 /* CarpoolsView.swift */; };
		687758902CE67D20003CA3E9 /* MainTabView.swift in Sources */ = {isa = PBXBuildFile; fileRef = 6877588F2CE67D20003CA3E9 /* MainTabView.swift */; };
		687758952CE6815A003CA3E9 /* FlightSearchView.swift in Sources */ = {isa = PBXBuildFile; fileRef = 687758942CE6815A003CA3E9 /* FlightSearchView.swift */; };
/* End PBXBuildFile section */

/* Begin PBXFileReference section */
		0ACD11AA2CF306FB00B328BB /* FlightInfo.swift */ = {isa = PBXFileReference; fileEncoding = 4; lastKnownFileType = sourcecode.swift; path = FlightInfo.swift; sourceTree = "<group>"; };
		0ACD11AC2CF3070600B328BB /* FlightInfoEntryView.swift */ = {isa = PBXFileReference; fileEncoding = 4; lastKnownFileType = sourcecode.swift; path = FlightInfoEntryView.swift; sourceTree = "<group>"; };
		0ACD11AE2CF3070E00B328BB /* ManualFlightEntryView.swift */ = {isa = PBXFileReference; fileEncoding = 4; lastKnownFileType = sourcecode.swift; path = ManualFlightEntryView.swift; sourceTree = "<group>"; };
		0ACD11B02CF3071700B328BB /* ScheduledRideView.swift */ = {isa = PBXFileReference; fileEncoding = 4; lastKnownFileType = sourcecode.swift; path = ScheduledRideView.swift; sourceTree = "<group>"; };
		1F80F1092CE6ABD4005FB48E /* ProfileSettingsView.swift */ = {isa = PBXFileReference; lastKnownFileType = sourcecode.swift; path = ProfileSettingsView.swift; sourceTree = "<group>"; };
		1F80F10B2CE6ABF1005FB48E /* ChangePasswordView.swift */ = {isa = PBXFileReference; lastKnownFileType = sourcecode.swift; path = ChangePasswordView.swift; sourceTree = "<group>"; };
		1F80F10D2CE6AC03005FB48E /* CustomerSupportView.swift */ = {isa = PBXFileReference; lastKnownFileType = sourcecode.swift; path = CustomerSupportView.swift; sourceTree = "<group>"; };
		3F9253672CF5152300B0DECF /* SignupView.swift */ = {isa = PBXFileReference; fileEncoding = 4; lastKnownFileType = sourcecode.swift; path = SignupView.swift; sourceTree = "<group>"; };
		3F9253682CF5152300B0DECF /* CustomComponents.swift */ = {isa = PBXFileReference; fileEncoding = 4; lastKnownFileType = sourcecode.swift; path = CustomComponents.swift; sourceTree = "<group>"; };
		3F9253692CF5152300B0DECF /* LoginView.swift */ = {isa = PBXFileReference; fileEncoding = 4; lastKnownFileType = sourcecode.swift; path = LoginView.swift; sourceTree = "<group>"; };
		3F92536A2CF5152300B0DECF /* ForgotPassword.swift */ = {isa = PBXFileReference; fileEncoding = 4; lastKnownFileType = sourcecode.swift; path = ForgotPassword.swift; sourceTree = "<group>"; };
		3F92536B2CF5152300B0DECF /* CreateAccount.swift */ = {isa = PBXFileReference; fileEncoding = 4; lastKnownFileType = sourcecode.swift; path = CreateAccount.swift; sourceTree = "<group>"; };
		3F92536C2CF5152300B0DECF /* VerifyCode.swift */ = {isa = PBXFileReference; fileEncoding = 4; lastKnownFileType = sourcecode.swift; path = VerifyCode.swift; sourceTree = "<group>"; };
		3F92536D2CF5152300B0DECF /* CreateNewPassword.swift */ = {isa = PBXFileReference; fileEncoding = 4; lastKnownFileType = sourcecode.swift; path = CreateNewPassword.swift; sourceTree = "<group>"; };
		3F9253752CF5174800B0DECF /* NetworkManager.swift */ = {isa = PBXFileReference; fileEncoding = 4; lastKnownFileType = sourcecode.swift; name = NetworkManager.swift; path = "Lion Lift/Core/Authentication/View/NetworkManager.swift"; sourceTree = SOURCE_ROOT; };
		687758652CE67AAA003CA3E9 /* Lion Lift.app */ = {isa = PBXFileReference; explicitFileType = wrapper.application; includeInIndex = 0; path = "Lion Lift.app"; sourceTree = BUILT_PRODUCTS_DIR; };
		687758682CE67AAA003CA3E9 /* Lion_LiftApp.swift */ = {isa = PBXFileReference; lastKnownFileType = sourcecode.swift; path = Lion_LiftApp.swift; sourceTree = "<group>"; };
		6877586A2CE67AAA003CA3E9 /* ContentView.swift */ = {isa = PBXFileReference; lastKnownFileType = sourcecode.swift; path = ContentView.swift; sourceTree = "<group>"; };
		6877586C2CE67AAC003CA3E9 /* Assets.xcassets */ = {isa = PBXFileReference; lastKnownFileType = folder.assetcatalog; path = Assets.xcassets; sourceTree = "<group>"; };
		6877586F2CE67AAC003CA3E9 /* Preview Assets.xcassets */ = {isa = PBXFileReference; lastKnownFileType = folder.assetcatalog; path = "Preview Assets.xcassets"; sourceTree = "<group>"; };
		687758892CE67CEA003CA3E9 /* ProfileView.swift */ = {isa = PBXFileReference; lastKnownFileType = sourcecode.swift; path = ProfileView.swift; sourceTree = "<group>"; };
		6877588B2CE67CF5003CA3E9 /* HomeView.swift */ = {isa = PBXFileReference; lastKnownFileType = sourcecode.swift; path = HomeView.swift; sourceTree = "<group>"; };
		6877588D2CE67CFF003CA3E9 /* CarpoolsView.swift */ = {isa = PBXFileReference; lastKnownFileType = sourcecode.swift; path = CarpoolsView.swift; sourceTree = "<group>"; };
		6877588F2CE67D20003CA3E9 /* MainTabView.swift */ = {isa = PBXFileReference; lastKnownFileType = sourcecode.swift; path = MainTabView.swift; sourceTree = "<group>"; };
		687758942CE6815A003CA3E9 /* FlightSearchView.swift */ = {isa = PBXFileReference; lastKnownFileType = sourcecode.swift; path = FlightSearchView.swift; sourceTree = "<group>"; };
/* End PBXFileReference section */

/* Begin PBXFrameworksBuildPhase section */
		687758622CE67AAA003CA3E9 /* Frameworks */ = {
			isa = PBXFrameworksBuildPhase;
			buildActionMask = 2147483647;
			files = (
			);
			runOnlyForDeploymentPostprocessing = 0;
		};
/* End PBXFrameworksBuildPhase section */

/* Begin PBXGroup section */
		6877585C2CE67AAA003CA3E9 = {
			isa = PBXGroup;
			children = (
				687758672CE67AAA003CA3E9 /* Lion Lift */,
				687758662CE67AAA003CA3E9 /* Products */,
			);
			sourceTree = "<group>";
		};
		687758662CE67AAA003CA3E9 /* Products */ = {
			isa = PBXGroup;
			children = (
				687758652CE67AAA003CA3E9 /* Lion Lift.app */,
			);
			name = Products;
			sourceTree = "<group>";
		};
		687758672CE67AAA003CA3E9 /* Lion Lift */ = {
			isa = PBXGroup;
			children = (
				687758792CE67ACA003CA3E9 /* Model */,
				687758782CE67AC6003CA3E9 /* Service */,
				687758772CE67AC5003CA3E9 /* Extentions */,
				687758762CE67AC4003CA3E9 /* Core */,
				687758682CE67AAA003CA3E9 /* Lion_LiftApp.swift */,
				6877586A2CE67AAA003CA3E9 /* ContentView.swift */,
				6877586C2CE67AAC003CA3E9 /* Assets.xcassets */,
				6877586E2CE67AAC003CA3E9 /* Preview Content */,
			);
			path = "Lion Lift";
			sourceTree = "<group>";
		};
		6877586E2CE67AAC003CA3E9 /* Preview Content */ = {
			isa = PBXGroup;
			children = (
				6877586F2CE67AAC003CA3E9 /* Preview Assets.xcassets */,
			);
			path = "Preview Content";
			sourceTree = "<group>";
		};
		687758762CE67AC4003CA3E9 /* Core */ = {
			isa = PBXGroup;
			children = (
				687758912CE68142003CA3E9 /* FlightSearch */,
				687758802CE67AED003CA3E9 /* Authentication */,
				6877587F2CE67AEC003CA3E9 /* Profile */,
				6877587E2CE67AEB003CA3E9 /* Home */,
				6877587D2CE67AEB003CA3E9 /* Carpools */,
				6877587C2CE67AEA003CA3E9 /* MainTab */,
			);
			path = Core;
			sourceTree = "<group>";
		};
		687758772CE67AC5003CA3E9 /* Extentions */ = {
			isa = PBXGroup;
			children = (
			);
			path = Extentions;
			sourceTree = "<group>";
		};
		687758782CE67AC6003CA3E9 /* Service */ = {
			isa = PBXGroup;
			children = (
			);
			path = Service;
			sourceTree = "<group>";
		};
		687758792CE67ACA003CA3E9 /* Model */ = {
			isa = PBXGroup;
			children = (
			);
			path = Model;
			sourceTree = "<group>";
		};
		6877587C2CE67AEA003CA3E9 /* MainTab */ = {
			isa = PBXGroup;
			children = (
				6877588F2CE67D20003CA3E9 /* MainTabView.swift */,
			);
			path = MainTab;
			sourceTree = "<group>";
		};
		6877587D2CE67AEB003CA3E9 /* Carpools */ = {
			isa = PBXGroup;
			children = (
				687758882CE67CD7003CA3E9 /* View */,
				687758872CE67CD3003CA3E9 /* ViewModel */,
			);
			path = Carpools;
			sourceTree = "<group>";
		};
		6877587E2CE67AEB003CA3E9 /* Home */ = {
			isa = PBXGroup;
			children = (
				687758862CE67CCE003CA3E9 /* View */,
				687758852CE67CC7003CA3E9 /* ViewModel */,
			);
			path = Home;
			sourceTree = "<group>";
		};
		6877587F2CE67AEC003CA3E9 /* Profile */ = {
			isa = PBXGroup;
			children = (
				687758822CE67CA3003CA3E9 /* ViewModel */,
				687758812CE67CA2003CA3E9 /* View */,
			);
			path = Profile;
			sourceTree = "<group>";
		};
		687758802CE67AED003CA3E9 /* Authentication */ = {
			isa = PBXGroup;
			children = (
				687758842CE67CB9003CA3E9 /* ViewModel */,
				687758832CE67CB8003CA3E9 /* View */,
			);
			path = Authentication;
			sourceTree = "<group>";
		};
		687758812CE67CA2003CA3E9 /* View */ = {
			isa = PBXGroup;
			children = (
				687758892CE67CEA003CA3E9 /* ProfileView.swift */,
				1F80F1092CE6ABD4005FB48E /* ProfileSettingsView.swift */,
				1F80F10B2CE6ABF1005FB48E /* ChangePasswordView.swift */,
				1F80F10D2CE6AC03005FB48E /* CustomerSupportView.swift */,
			);
			path = View;
			sourceTree = "<group>";
		};
		687758822CE67CA3003CA3E9 /* ViewModel */ = {
			isa = PBXGroup;
			children = (
			);
			path = ViewModel;
			sourceTree = "<group>";
		};
		687758832CE67CB8003CA3E9 /* View */ = {
			isa = PBXGroup;
			children = (
				3F9253752CF5174800B0DECF /* NetworkManager.swift */,
				3F92536B2CF5152300B0DECF /* CreateAccount.swift */,
				3F92536D2CF5152300B0DECF /* CreateNewPassword.swift */,
				3F9253682CF5152300B0DECF /* CustomComponents.swift */,
				3F92536A2CF5152300B0DECF /* ForgotPassword.swift */,
				3F9253692CF5152300B0DECF /* LoginView.swift */,
				3F9253672CF5152300B0DECF /* SignupView.swift */,
				3F92536C2CF5152300B0DECF /* VerifyCode.swift */,
			);
			path = View;
			sourceTree = "<group>";
		};
		687758842CE67CB9003CA3E9 /* ViewModel */ = {
			isa = PBXGroup;
			children = (
			);
			path = ViewModel;
			sourceTree = "<group>";
		};
		687758852CE67CC7003CA3E9 /* ViewModel */ = {
			isa = PBXGroup;
			children = (
			);
			path = ViewModel;
			sourceTree = "<group>";
		};
		687758862CE67CCE003CA3E9 /* View */ = {
			isa = PBXGroup;
			children = (
				6877588B2CE67CF5003CA3E9 /* HomeView.swift */,
			);
			path = View;
			sourceTree = "<group>";
		};
		687758872CE67CD3003CA3E9 /* ViewModel */ = {
			isa = PBXGroup;
			children = (
			);
			path = ViewModel;
			sourceTree = "<group>";
		};
		687758882CE67CD7003CA3E9 /* View */ = {
			isa = PBXGroup;
			children = (
				6877588D2CE67CFF003CA3E9 /* CarpoolsView.swift */,
			);
			path = View;
			sourceTree = "<group>";
		};
		687758912CE68142003CA3E9 /* FlightSearch */ = {
			isa = PBXGroup;
			children = (
				687758932CE6814B003CA3E9 /* ViewModel */,
				687758922CE6814B003CA3E9 /* View */,
			);
			path = FlightSearch;
			sourceTree = "<group>";
		};
		687758922CE6814B003CA3E9 /* View */ = {
			isa = PBXGroup;
			children = (
				0ACD11AE2CF3070E00B328BB /* ManualFlightEntryView.swift */,
				0ACD11AC2CF3070600B328BB /* FlightInfoEntryView.swift */,
				0ACD11AA2CF306FB00B328BB /* FlightInfo.swift */,
				0ACD11B02CF3071700B328BB /* ScheduledRideView.swift */,
				687758942CE6815A003CA3E9 /* FlightSearchView.swift */,
			);
			path = View;
			sourceTree = "<group>";
		};
		687758932CE6814B003CA3E9 /* ViewModel */ = {
			isa = PBXGroup;
			children = (
			);
			path = ViewModel;
			sourceTree = "<group>";
		};
/* End PBXGroup section */

/* Begin PBXNativeTarget section */
		687758642CE67AAA003CA3E9 /* Lion Lift */ = {
			isa = PBXNativeTarget;
			buildConfigurationList = 687758732CE67AAC003CA3E9 /* Build configuration list for PBXNativeTarget "Lion Lift" */;
			buildPhases = (
				687758612CE67AAA003CA3E9 /* Sources */,
				687758622CE67AAA003CA3E9 /* Frameworks */,
				687758632CE67AAA003CA3E9 /* Resources */,
			);
			buildRules = (
			);
			dependencies = (
			);
			name = "Lion Lift";
			productName = "Lion Lift";
			productReference = 687758652CE67AAA003CA3E9 /* Lion Lift.app */;
			productType = "com.apple.product-type.application";
		};
/* End PBXNativeTarget section */

/* Begin PBXProject section */
		6877585D2CE67AAA003CA3E9 /* Project object */ = {
			isa = PBXProject;
			attributes = {
				BuildIndependentTargetsInParallel = 1;
				LastSwiftUpdateCheck = 1540;
				LastUpgradeCheck = 1540;
				TargetAttributes = {
					687758642CE67AAA003CA3E9 = {
						CreatedOnToolsVersion = 15.4;
					};
				};
			};
			buildConfigurationList = 687758602CE67AAA003CA3E9 /* Build configuration list for PBXProject "Lion Lift" */;
			compatibilityVersion = "Xcode 14.0";
			developmentRegion = en;
			hasScannedForEncodings = 0;
			knownRegions = (
				en,
				Base,
			);
			mainGroup = 6877585C2CE67AAA003CA3E9;
			productRefGroup = 687758662CE67AAA003CA3E9 /* Products */;
			projectDirPath = "";
			projectRoot = "";
			targets = (
				687758642CE67AAA003CA3E9 /* Lion Lift */,
			);
		};
/* End PBXProject section */

/* Begin PBXResourcesBuildPhase section */
		687758632CE67AAA003CA3E9 /* Resources */ = {
			isa = PBXResourcesBuildPhase;
			buildActionMask = 2147483647;
			files = (
				687758702CE67AAC003CA3E9 /* Preview Assets.xcassets in Resources */,
				6877586D2CE67AAC003CA3E9 /* Assets.xcassets in Resources */,
			);
			runOnlyForDeploymentPostprocessing = 0;
		};
/* End PBXResourcesBuildPhase section */

/* Begin PBXSourcesBuildPhase section */
		687758612CE67AAA003CA3E9 /* Sources */ = {
			isa = PBXSourcesBuildPhase;
			buildActionMask = 2147483647;
			files = (
				687758952CE6815A003CA3E9 /* FlightSearchView.swift in Sources */,
				3F9253742CF5152300B0DECF /* CreateNewPassword.swift in Sources */,
				1F80F10A2CE6ABD4005FB48E /* ProfileSettingsView.swift in Sources */,
				3F92536F2CF5152300B0DECF /* CustomComponents.swift in Sources */,
				3F9253762CF5174800B0DECF /* NetworkManager.swift in Sources */,
				3F9253732CF5152300B0DECF /* VerifyCode.swift in Sources */,
				6877586B2CE67AAA003CA3E9 /* ContentView.swift in Sources */,
				0ACD11AD2CF3070600B328BB /* FlightInfoEntryView.swift in Sources */,
				0ACD11AF2CF3070E00B328BB /* ManualFlightEntryView.swift in Sources */,
				6877588C2CE67CF5003CA3E9 /* HomeView.swift in Sources */,
				0ACD11B12CF3071700B328BB /* ScheduledRideView.swift in Sources */,
				1F80F10C2CE6ABF1005FB48E /* ChangePasswordView.swift in Sources */,
				6877588A2CE67CEA003CA3E9 /* ProfileView.swift in Sources */,
				3F9253702CF5152300B0DECF /* LoginView.swift in Sources */,
				3F92536E2CF5152300B0DECF /* SignupView.swift in Sources */,
				6877588E2CE67CFF003CA3E9 /* CarpoolsView.swift in Sources */,
				0ACD11AB2CF306FB00B328BB /* FlightInfo.swift in Sources */,
				687758692CE67AAA003CA3E9 /* Lion_LiftApp.swift in Sources */,
				1F80F10E2CE6AC03005FB48E /* CustomerSupportView.swift in Sources */,
				687758902CE67D20003CA3E9 /* MainTabView.swift in Sources */,
				3F9253712CF5152300B0DECF /* ForgotPassword.swift in Sources */,
				3F9253722CF5152300B0DECF /* CreateAccount.swift in Sources */,
			);
			runOnlyForDeploymentPostprocessing = 0;
		};
/* End PBXSourcesBuildPhase section */

/* Begin XCBuildConfiguration section */
		687758712CE67AAC003CA3E9 /* Debug */ = {
			isa = XCBuildConfiguration;
			buildSettings = {
				ALWAYS_SEARCH_USER_PATHS = NO;
				ASSETCATALOG_COMPILER_GENERATE_SWIFT_ASSET_SYMBOL_EXTENSIONS = YES;
				CLANG_ANALYZER_NONNULL = YES;
				CLANG_ANALYZER_NUMBER_OBJECT_CONVERSION = YES_AGGRESSIVE;
				CLANG_CXX_LANGUAGE_STANDARD = "gnu++20";
				CLANG_ENABLE_MODULES = YES;
				CLANG_ENABLE_OBJC_ARC = YES;
				CLANG_ENABLE_OBJC_WEAK = YES;
				CLANG_WARN_BLOCK_CAPTURE_AUTORELEASING = YES;
				CLANG_WARN_BOOL_CONVERSION = YES;
				CLANG_WARN_COMMA = YES;
				CLANG_WARN_CONSTANT_CONVERSION = YES;
				CLANG_WARN_DEPRECATED_OBJC_IMPLEMENTATIONS = YES;
				CLANG_WARN_DIRECT_OBJC_ISA_USAGE = YES_ERROR;
				CLANG_WARN_DOCUMENTATION_COMMENTS = YES;
				CLANG_WARN_EMPTY_BODY = YES;
				CLANG_WARN_ENUM_CONVERSION = YES;
				CLANG_WARN_INFINITE_RECURSION = YES;
				CLANG_WARN_INT_CONVERSION = YES;
				CLANG_WARN_NON_LITERAL_NULL_CONVERSION = YES;
				CLANG_WARN_OBJC_IMPLICIT_RETAIN_SELF = YES;
				CLANG_WARN_OBJC_LITERAL_CONVERSION = YES;
				CLANG_WARN_OBJC_ROOT_CLASS = YES_ERROR;
				CLANG_WARN_QUOTED_INCLUDE_IN_FRAMEWORK_HEADER = YES;
				CLANG_WARN_RANGE_LOOP_ANALYSIS = YES;
				CLANG_WARN_STRICT_PROTOTYPES = YES;
				CLANG_WARN_SUSPICIOUS_MOVE = YES;
				CLANG_WARN_UNGUARDED_AVAILABILITY = YES_AGGRESSIVE;
				CLANG_WARN_UNREACHABLE_CODE = YES;
				CLANG_WARN__DUPLICATE_METHOD_MATCH = YES;
				COPY_PHASE_STRIP = NO;
				DEBUG_INFORMATION_FORMAT = dwarf;
				ENABLE_STRICT_OBJC_MSGSEND = YES;
				ENABLE_TESTABILITY = YES;
				ENABLE_USER_SCRIPT_SANDBOXING = YES;
				GCC_C_LANGUAGE_STANDARD = gnu17;
				GCC_DYNAMIC_NO_PIC = NO;
				GCC_NO_COMMON_BLOCKS = YES;
				GCC_OPTIMIZATION_LEVEL = 0;
				GCC_PREPROCESSOR_DEFINITIONS = (
					"DEBUG=1",
					"$(inherited)",
				);
				GCC_WARN_64_TO_32_BIT_CONVERSION = YES;
				GCC_WARN_ABOUT_RETURN_TYPE = YES_ERROR;
				GCC_WARN_UNDECLARED_SELECTOR = YES;
				GCC_WARN_UNINITIALIZED_AUTOS = YES_AGGRESSIVE;
				GCC_WARN_UNUSED_FUNCTION = YES;
				GCC_WARN_UNUSED_VARIABLE = YES;
				IPHONEOS_DEPLOYMENT_TARGET = 17.5;
				LOCALIZATION_PREFERS_STRING_CATALOGS = YES;
				MTL_ENABLE_DEBUG_INFO = INCLUDE_SOURCE;
				MTL_FAST_MATH = YES;
				ONLY_ACTIVE_ARCH = YES;
				SDKROOT = iphoneos;
				SWIFT_ACTIVE_COMPILATION_CONDITIONS = "DEBUG $(inherited)";
				SWIFT_OPTIMIZATION_LEVEL = "-Onone";
			};
			name = Debug;
		};
		687758722CE67AAC003CA3E9 /* Release */ = {
			isa = XCBuildConfiguration;
			buildSettings = {
				ALWAYS_SEARCH_USER_PATHS = NO;
				ASSETCATALOG_COMPILER_GENERATE_SWIFT_ASSET_SYMBOL_EXTENSIONS = YES;
				CLANG_ANALYZER_NONNULL = YES;
				CLANG_ANALYZER_NUMBER_OBJECT_CONVERSION = YES_AGGRESSIVE;
				CLANG_CXX_LANGUAGE_STANDARD = "gnu++20";
				CLANG_ENABLE_MODULES = YES;
				CLANG_ENABLE_OBJC_ARC = YES;
				CLANG_ENABLE_OBJC_WEAK = YES;
				CLANG_WARN_BLOCK_CAPTURE_AUTORELEASING = YES;
				CLANG_WARN_BOOL_CONVERSION = YES;
				CLANG_WARN_COMMA = YES;
				CLANG_WARN_CONSTANT_CONVERSION = YES;
				CLANG_WARN_DEPRECATED_OBJC_IMPLEMENTATIONS = YES;
				CLANG_WARN_DIRECT_OBJC_ISA_USAGE = YES_ERROR;
				CLANG_WARN_DOCUMENTATION_COMMENTS = YES;
				CLANG_WARN_EMPTY_BODY = YES;
				CLANG_WARN_ENUM_CONVERSION = YES;
				CLANG_WARN_INFINITE_RECURSION = YES;
				CLANG_WARN_INT_CONVERSION = YES;
				CLANG_WARN_NON_LITERAL_NULL_CONVERSION = YES;
				CLANG_WARN_OBJC_IMPLICIT_RETAIN_SELF = YES;
				CLANG_WARN_OBJC_LITERAL_CONVERSION = YES;
				CLANG_WARN_OBJC_ROOT_CLASS = YES_ERROR;
				CLANG_WARN_QUOTED_INCLUDE_IN_FRAMEWORK_HEADER = YES;
				CLANG_WARN_RANGE_LOOP_ANALYSIS = YES;
				CLANG_WARN_STRICT_PROTOTYPES = YES;
				CLANG_WARN_SUSPICIOUS_MOVE = YES;
				CLANG_WARN_UNGUARDED_AVAILABILITY = YES_AGGRESSIVE;
				CLANG_WARN_UNREACHABLE_CODE = YES;
				CLANG_WARN__DUPLICATE_METHOD_MATCH = YES;
				COPY_PHASE_STRIP = NO;
				DEBUG_INFORMATION_FORMAT = "dwarf-with-dsym";
				ENABLE_NS_ASSERTIONS = NO;
				ENABLE_STRICT_OBJC_MSGSEND = YES;
				ENABLE_USER_SCRIPT_SANDBOXING = YES;
				GCC_C_LANGUAGE_STANDARD = gnu17;
				GCC_NO_COMMON_BLOCKS = YES;
				GCC_WARN_64_TO_32_BIT_CONVERSION = YES;
				GCC_WARN_ABOUT_RETURN_TYPE = YES_ERROR;
				GCC_WARN_UNDECLARED_SELECTOR = YES;
				GCC_WARN_UNINITIALIZED_AUTOS = YES_AGGRESSIVE;
				GCC_WARN_UNUSED_FUNCTION = YES;
				GCC_WARN_UNUSED_VARIABLE = YES;
				IPHONEOS_DEPLOYMENT_TARGET = 17.5;
				LOCALIZATION_PREFERS_STRING_CATALOGS = YES;
				MTL_ENABLE_DEBUG_INFO = NO;
				MTL_FAST_MATH = YES;
				SDKROOT = iphoneos;
				SWIFT_COMPILATION_MODE = wholemodule;
				VALIDATE_PRODUCT = YES;
			};
			name = Release;
		};
		687758742CE67AAC003CA3E9 /* Debug */ = {
			isa = XCBuildConfiguration;
			buildSettings = {
				ASSETCATALOG_COMPILER_APPICON_NAME = AppIcon;
				ASSETCATALOG_COMPILER_GLOBAL_ACCENT_COLOR_NAME = AccentColor;
				CODE_SIGN_IDENTITY = "Apple Development";
				CODE_SIGN_STYLE = Manual;
				CURRENT_PROJECT_VERSION = 1;
				DEVELOPMENT_ASSET_PATHS = "\"Lion Lift/Preview Content\"";
				DEVELOPMENT_TEAM = "";
				ENABLE_PREVIEWS = YES;
				GENERATE_INFOPLIST_FILE = YES;
				INFOPLIST_KEY_UIApplicationSceneManifest_Generation = YES;
				INFOPLIST_KEY_UIApplicationSupportsIndirectInputEvents = YES;
				INFOPLIST_KEY_UILaunchScreen_Generation = YES;
				INFOPLIST_KEY_UISupportedInterfaceOrientations_iPad = "UIInterfaceOrientationPortrait UIInterfaceOrientationPortraitUpsideDown UIInterfaceOrientationLandscapeLeft UIInterfaceOrientationLandscapeRight";
				INFOPLIST_KEY_UISupportedInterfaceOrientations_iPhone = "UIInterfaceOrientationPortrait UIInterfaceOrientationLandscapeLeft UIInterfaceOrientationLandscapeRight";
				LD_RUNPATH_SEARCH_PATHS = (
					"$(inherited)",
					"@executable_path/Frameworks",
				);
				MARKETING_VERSION = 1.0;
				PRODUCT_BUNDLE_IDENTIFIER = "com.AdamSherif.Lion-Lift";
				PRODUCT_NAME = "$(TARGET_NAME)";
				PROVISIONING_PROFILE_SPECIFIER = "";
				SWIFT_EMIT_LOC_STRINGS = YES;
				SWIFT_VERSION = 5.0;
				TARGETED_DEVICE_FAMILY = "1,2";
			};
			name = Debug;
		};
		687758752CE67AAC003CA3E9 /* Release */ = {
			isa = XCBuildConfiguration;
			buildSettings = {
				ASSETCATALOG_COMPILER_APPICON_NAME = AppIcon;
				ASSETCATALOG_COMPILER_GLOBAL_ACCENT_COLOR_NAME = AccentColor;
				CODE_SIGN_IDENTITY = "Apple Development";
				CODE_SIGN_STYLE = Automatic;
				CURRENT_PROJECT_VERSION = 1;
				DEVELOPMENT_ASSET_PATHS = "\"Lion Lift/Preview Content\"";
				DEVELOPMENT_TEAM = "";
				ENABLE_PREVIEWS = YES;
				GENERATE_INFOPLIST_FILE = YES;
				INFOPLIST_KEY_UIApplicationSceneManifest_Generation = YES;
				INFOPLIST_KEY_UIApplicationSupportsIndirectInputEvents = YES;
				INFOPLIST_KEY_UILaunchScreen_Generation = YES;
				INFOPLIST_KEY_UISupportedInterfaceOrientations_iPad = "UIInterfaceOrientationPortrait UIInterfaceOrientationPortraitUpsideDown UIInterfaceOrientationLandscapeLeft UIInterfaceOrientationLandscapeRight";
				INFOPLIST_KEY_UISupportedInterfaceOrientations_iPhone = "UIInterfaceOrientationPortrait UIInterfaceOrientationLandscapeLeft UIInterfaceOrientationLandscapeRight";
				LD_RUNPATH_SEARCH_PATHS = (
					"$(inherited)",
					"@executable_path/Frameworks",
				);
				MARKETING_VERSION = 1.0;
				PRODUCT_BUNDLE_IDENTIFIER = "com.AdamSherif.Lion-Lift";
				PRODUCT_NAME = "$(TARGET_NAME)";
				PROVISIONING_PROFILE_SPECIFIER = "";
				SWIFT_EMIT_LOC_STRINGS = YES;
				SWIFT_VERSION = 5.0;
				TARGETED_DEVICE_FAMILY = "1,2";
			};
			name = Release;
		};
/* End XCBuildConfiguration section */

/* Begin XCConfigurationList section */
		687758602CE67AAA003CA3E9 /* Build configuration list for PBXProject "Lion Lift" */ = {
			isa = XCConfigurationList;
			buildConfigurations = (
				687758712CE67AAC003CA3E9 /* Debug */,
				687758722CE67AAC003CA3E9 /* Release */,
			);
			defaultConfigurationIsVisible = 0;
			defaultConfigurationName = Release;
		};
		687758732CE67AAC003CA3E9 /* Build configuration list for PBXNativeTarget "Lion Lift" */ = {
			isa = XCConfigurationList;
			buildConfigurations = (
				687758742CE67AAC003CA3E9 /* Debug */,
				687758752CE67AAC003CA3E9 /* Release */,
			);
			defaultConfigurationIsVisible = 0;
			defaultConfigurationName = Release;
		};
/* End XCConfigurationList section */
	};
	rootObject = 6877585D2CE67AAA003CA3E9 /* Project object */;
}
