// !$*UTF8*$!
{
	archiveVersion = 1;
	classes = {
	};
	objectVersion = 56;
	objects = {

/* Begin PBXBuildFile section */
		0A57A2B62CE664D40019E27F /* FlightsApp.swift in Sources */ = {isa = PBXBuildFile; fileRef = 0A57A2B52CE664D40019E27F /* FlightsApp.swift */; };
		0A57A2B82CE664D40019E27F /* ContentView.swift in Sources */ = {isa = PBXBuildFile; fileRef = 0A57A2B72CE664D40019E27F /* ContentView.swift */; };
		0A57A2BA2CE664D50019E27F /* Assets.xcassets in Resources */ = {isa = PBXBuildFile; fileRef = 0A57A2B92CE664D50019E27F /* Assets.xcassets */; };
		0A57A2BD2CE664D50019E27F /* Preview Assets.xcassets in Resources */ = {isa = PBXBuildFile; fileRef = 0A57A2BC2CE664D50019E27F /* Preview Assets.xcassets */; };
		0A57A2C72CE664D50019E27F /* FlightsTests.swift in Sources */ = {isa = PBXBuildFile; fileRef = 0A57A2C62CE664D50019E27F /* FlightsTests.swift */; };
		0A57A2D12CE664D50019E27F /* FlightsUITests.swift in Sources */ = {isa = PBXBuildFile; fileRef = 0A57A2D02CE664D50019E27F /* FlightsUITests.swift */; };
		0A57A2D32CE664D50019E27F /* FlightsUITestsLaunchTests.swift in Sources */ = {isa = PBXBuildFile; fileRef = 0A57A2D22CE664D50019E27F /* FlightsUITestsLaunchTests.swift */; };
		0A57A2E22CE667F60019E27F /* FlightInfoEntryView.swift in Sources */ = {isa = PBXBuildFile; fileRef = 0A57A2E12CE667F60019E27F /* FlightInfoEntryView.swift */; };
		0A57A2E42CE668200019E27F /* ManualFlightEntryView.swift in Sources */ = {isa = PBXBuildFile; fileRef = 0A57A2E32CE668200019E27F /* ManualFlightEntryView.swift */; };
		0A57A2E62CE669140019E27F /* FlightInfo.swift in Sources */ = {isa = PBXBuildFile; fileRef = 0A57A2E52CE669140019E27F /* FlightInfo.swift */; };
		0A57A2E82CE6709E0019E27F /* ScheduledRideView.swift in Sources */ = {isa = PBXBuildFile; fileRef = 0A57A2E72CE6709E0019E27F /* ScheduledRideView.swift */; };
/* End PBXBuildFile section */

/* Begin PBXContainerItemProxy section */
		0A57A2C32CE664D50019E27F /* PBXContainerItemProxy */ = {
			isa = PBXContainerItemProxy;
			containerPortal = 0A57A2AA2CE664D40019E27F /* Project object */;
			proxyType = 1;
			remoteGlobalIDString = 0A57A2B12CE664D40019E27F;
			remoteInfo = Flights;
		};
		0A57A2CD2CE664D50019E27F /* PBXContainerItemProxy */ = {
			isa = PBXContainerItemProxy;
			containerPortal = 0A57A2AA2CE664D40019E27F /* Project object */;
			proxyType = 1;
			remoteGlobalIDString = 0A57A2B12CE664D40019E27F;
			remoteInfo = Flights;
		};
/* End PBXContainerItemProxy section */

/* Begin PBXFileReference section */
		0A57A2B22CE664D40019E27F /* Flights.app */ = {isa = PBXFileReference; explicitFileType = wrapper.application; includeInIndex = 0; path = Flights.app; sourceTree = BUILT_PRODUCTS_DIR; };
		0A57A2B52CE664D40019E27F /* FlightsApp.swift */ = {isa = PBXFileReference; lastKnownFileType = sourcecode.swift; path = FlightsApp.swift; sourceTree = "<group>"; };
		0A57A2B72CE664D40019E27F /* ContentView.swift */ = {isa = PBXFileReference; lastKnownFileType = sourcecode.swift; path = ContentView.swift; sourceTree = "<group>"; };
		0A57A2B92CE664D50019E27F /* Assets.xcassets */ = {isa = PBXFileReference; lastKnownFileType = folder.assetcatalog; path = Assets.xcassets; sourceTree = "<group>"; };
		0A57A2BC2CE664D50019E27F /* Preview Assets.xcassets */ = {isa = PBXFileReference; lastKnownFileType = folder.assetcatalog; path = "Preview Assets.xcassets"; sourceTree = "<group>"; };
		0A57A2C22CE664D50019E27F /* FlightsTests.xctest */ = {isa = PBXFileReference; explicitFileType = wrapper.cfbundle; includeInIndex = 0; path = FlightsTests.xctest; sourceTree = BUILT_PRODUCTS_DIR; };
		0A57A2C62CE664D50019E27F /* FlightsTests.swift */ = {isa = PBXFileReference; lastKnownFileType = sourcecode.swift; path = FlightsTests.swift; sourceTree = "<group>"; };
		0A57A2CC2CE664D50019E27F /* FlightsUITests.xctest */ = {isa = PBXFileReference; explicitFileType = wrapper.cfbundle; includeInIndex = 0; path = FlightsUITests.xctest; sourceTree = BUILT_PRODUCTS_DIR; };
		0A57A2D02CE664D50019E27F /* FlightsUITests.swift */ = {isa = PBXFileReference; lastKnownFileType = sourcecode.swift; path = FlightsUITests.swift; sourceTree = "<group>"; };
		0A57A2D22CE664D50019E27F /* FlightsUITestsLaunchTests.swift */ = {isa = PBXFileReference; lastKnownFileType = sourcecode.swift; path = FlightsUITestsLaunchTests.swift; sourceTree = "<group>"; };
		0A57A2E12CE667F60019E27F /* FlightInfoEntryView.swift */ = {isa = PBXFileReference; lastKnownFileType = sourcecode.swift; path = FlightInfoEntryView.swift; sourceTree = "<group>"; };
		0A57A2E32CE668200019E27F /* ManualFlightEntryView.swift */ = {isa = PBXFileReference; lastKnownFileType = sourcecode.swift; path = ManualFlightEntryView.swift; sourceTree = "<group>"; };
		0A57A2E52CE669140019E27F /* FlightInfo.swift */ = {isa = PBXFileReference; lastKnownFileType = sourcecode.swift; path = FlightInfo.swift; sourceTree = "<group>"; };
		0A57A2E72CE6709E0019E27F /* ScheduledRideView.swift */ = {isa = PBXFileReference; lastKnownFileType = sourcecode.swift; path = ScheduledRideView.swift; sourceTree = "<group>"; };
/* End PBXFileReference section */

/* Begin PBXFrameworksBuildPhase section */
		0A57A2AF2CE664D40019E27F /* Frameworks */ = {
			isa = PBXFrameworksBuildPhase;
			buildActionMask = 2147483647;
			files = (
			);
			runOnlyForDeploymentPostprocessing = 0;
		};
		0A57A2BF2CE664D50019E27F /* Frameworks */ = {
			isa = PBXFrameworksBuildPhase;
			buildActionMask = 2147483647;
			files = (
			);
			runOnlyForDeploymentPostprocessing = 0;
		};
		0A57A2C92CE664D50019E27F /* Frameworks */ = {
			isa = PBXFrameworksBuildPhase;
			buildActionMask = 2147483647;
			files = (
			);
			runOnlyForDeploymentPostprocessing = 0;
		};
/* End PBXFrameworksBuildPhase section */

/* Begin PBXGroup section */
		0A57A2A92CE664D40019E27F = {
			isa = PBXGroup;
			children = (
				0A57A2B42CE664D40019E27F /* Flights */,
				0A57A2C52CE664D50019E27F /* FlightsTests */,
				0A57A2CF2CE664D50019E27F /* FlightsUITests */,
				0A57A2B32CE664D40019E27F /* Products */,
			);
			sourceTree = "<group>";
		};
		0A57A2B32CE664D40019E27F /* Products */ = {
			isa = PBXGroup;
			children = (
				0A57A2B22CE664D40019E27F /* Flights.app */,
				0A57A2C22CE664D50019E27F /* FlightsTests.xctest */,
				0A57A2CC2CE664D50019E27F /* FlightsUITests.xctest */,
			);
			name = Products;
			sourceTree = "<group>";
		};
		0A57A2B42CE664D40019E27F /* Flights */ = {
			isa = PBXGroup;
			children = (
				0A57A2B52CE664D40019E27F /* FlightsApp.swift */,
				0A57A2B72CE664D40019E27F /* ContentView.swift */,
				0A57A2B92CE664D50019E27F /* Assets.xcassets */,
				0A57A2BB2CE664D50019E27F /* Preview Content */,
				0A57A2E12CE667F60019E27F /* FlightInfoEntryView.swift */,
				0A57A2E32CE668200019E27F /* ManualFlightEntryView.swift */,
				0A57A2E52CE669140019E27F /* FlightInfo.swift */,
				0A57A2E72CE6709E0019E27F /* ScheduledRideView.swift */,
			);
			path = Flights;
			sourceTree = "<group>";
		};
		0A57A2BB2CE664D50019E27F /* Preview Content */ = {
			isa = PBXGroup;
			children = (
				0A57A2BC2CE664D50019E27F /* Preview Assets.xcassets */,
			);
			path = "Preview Content";
			sourceTree = "<group>";
		};
		0A57A2C52CE664D50019E27F /* FlightsTests */ = {
			isa = PBXGroup;
			children = (
				0A57A2C62CE664D50019E27F /* FlightsTests.swift */,
			);
			path = FlightsTests;
			sourceTree = "<group>";
		};
		0A57A2CF2CE664D50019E27F /* FlightsUITests */ = {
			isa = PBXGroup;
			children = (
				0A57A2D02CE664D50019E27F /* FlightsUITests.swift */,
				0A57A2D22CE664D50019E27F /* FlightsUITestsLaunchTests.swift */,
			);
			path = FlightsUITests;
			sourceTree = "<group>";
		};
/* End PBXGroup section */

/* Begin PBXNativeTarget section */
		0A57A2B12CE664D40019E27F /* Flights */ = {
			isa = PBXNativeTarget;
			buildConfigurationList = 0A57A2D62CE664D50019E27F /* Build configuration list for PBXNativeTarget "Flights" */;
			buildPhases = (
				0A57A2AE2CE664D40019E27F /* Sources */,
				0A57A2AF2CE664D40019E27F /* Frameworks */,
				0A57A2B02CE664D40019E27F /* Resources */,
			);
			buildRules = (
			);
			dependencies = (
			);
			name = Flights;
			productName = Flights;
			productReference = 0A57A2B22CE664D40019E27F /* Flights.app */;
			productType = "com.apple.product-type.application";
		};
		0A57A2C12CE664D50019E27F /* FlightsTests */ = {
			isa = PBXNativeTarget;
			buildConfigurationList = 0A57A2D92CE664D50019E27F /* Build configuration list for PBXNativeTarget "FlightsTests" */;
			buildPhases = (
				0A57A2BE2CE664D50019E27F /* Sources */,
				0A57A2BF2CE664D50019E27F /* Frameworks */,
				0A57A2C02CE664D50019E27F /* Resources */,
			);
			buildRules = (
			);
			dependencies = (
				0A57A2C42CE664D50019E27F /* PBXTargetDependency */,
			);
			name = FlightsTests;
			productName = FlightsTests;
			productReference = 0A57A2C22CE664D50019E27F /* FlightsTests.xctest */;
			productType = "com.apple.product-type.bundle.unit-test";
		};
		0A57A2CB2CE664D50019E27F /* FlightsUITests */ = {
			isa = PBXNativeTarget;
			buildConfigurationList = 0A57A2DC2CE664D50019E27F /* Build configuration list for PBXNativeTarget "FlightsUITests" */;
			buildPhases = (
				0A57A2C82CE664D50019E27F /* Sources */,
				0A57A2C92CE664D50019E27F /* Frameworks */,
				0A57A2CA2CE664D50019E27F /* Resources */,
			);
			buildRules = (
			);
			dependencies = (
				0A57A2CE2CE664D50019E27F /* PBXTargetDependency */,
			);
			name = FlightsUITests;
			productName = FlightsUITests;
			productReference = 0A57A2CC2CE664D50019E27F /* FlightsUITests.xctest */;
			productType = "com.apple.product-type.bundle.ui-testing";
		};
/* End PBXNativeTarget section */

/* Begin PBXProject section */
		0A57A2AA2CE664D40019E27F /* Project object */ = {
			isa = PBXProject;
			attributes = {
				BuildIndependentTargetsInParallel = 1;
				LastSwiftUpdateCheck = 1540;
				LastUpgradeCheck = 1540;
				TargetAttributes = {
					0A57A2B12CE664D40019E27F = {
						CreatedOnToolsVersion = 15.4;
					};
					0A57A2C12CE664D50019E27F = {
						CreatedOnToolsVersion = 15.4;
						TestTargetID = 0A57A2B12CE664D40019E27F;
					};
					0A57A2CB2CE664D50019E27F = {
						CreatedOnToolsVersion = 15.4;
						TestTargetID = 0A57A2B12CE664D40019E27F;
					};
				};
			};
			buildConfigurationList = 0A57A2AD2CE664D40019E27F /* Build configuration list for PBXProject "Flights" */;
			compatibilityVersion = "Xcode 14.0";
			developmentRegion = en;
			hasScannedForEncodings = 0;
			knownRegions = (
				en,
				Base,
			);
			mainGroup = 0A57A2A92CE664D40019E27F;
			productRefGroup = 0A57A2B32CE664D40019E27F /* Products */;
			projectDirPath = "";
			projectRoot = "";
			targets = (
				0A57A2B12CE664D40019E27F /* Flights */,
				0A57A2C12CE664D50019E27F /* FlightsTests */,
				0A57A2CB2CE664D50019E27F /* FlightsUITests */,
			);
		};
/* End PBXProject section */

/* Begin PBXResourcesBuildPhase section */
		0A57A2B02CE664D40019E27F /* Resources */ = {
			isa = PBXResourcesBuildPhase;
			buildActionMask = 2147483647;
			files = (
				0A57A2BD2CE664D50019E27F /* Preview Assets.xcassets in Resources */,
				0A57A2BA2CE664D50019E27F /* Assets.xcassets in Resources */,
			);
			runOnlyForDeploymentPostprocessing = 0;
		};
		0A57A2C02CE664D50019E27F /* Resources */ = {
			isa = PBXResourcesBuildPhase;
			buildActionMask = 2147483647;
			files = (
			);
			runOnlyForDeploymentPostprocessing = 0;
		};
		0A57A2CA2CE664D50019E27F /* Resources */ = {
			isa = PBXResourcesBuildPhase;
			buildActionMask = 2147483647;
			files = (
			);
			runOnlyForDeploymentPostprocessing = 0;
		};
/* End PBXResourcesBuildPhase section */

/* Begin PBXSourcesBuildPhase section */
		0A57A2AE2CE664D40019E27F /* Sources */ = {
			isa = PBXSourcesBuildPhase;
			buildActionMask = 2147483647;
			files = (
				0A57A2E82CE6709E0019E27F /* ScheduledRideView.swift in Sources */,
				0A57A2E62CE669140019E27F /* FlightInfo.swift in Sources */,
				0A57A2E22CE667F60019E27F /* FlightInfoEntryView.swift in Sources */,
				0A57A2B82CE664D40019E27F /* ContentView.swift in Sources */,
				0A57A2B62CE664D40019E27F /* FlightsApp.swift in Sources */,
				0A57A2E42CE668200019E27F /* ManualFlightEntryView.swift in Sources */,
			);
			runOnlyForDeploymentPostprocessing = 0;
		};
		0A57A2BE2CE664D50019E27F /* Sources */ = {
			isa = PBXSourcesBuildPhase;
			buildActionMask = 2147483647;
			files = (
				0A57A2C72CE664D50019E27F /* FlightsTests.swift in Sources */,
			);
			runOnlyForDeploymentPostprocessing = 0;
		};
		0A57A2C82CE664D50019E27F /* Sources */ = {
			isa = PBXSourcesBuildPhase;
			buildActionMask = 2147483647;
			files = (
				0A57A2D32CE664D50019E27F /* FlightsUITestsLaunchTests.swift in Sources */,
				0A57A2D12CE664D50019E27F /* FlightsUITests.swift in Sources */,
			);
			runOnlyForDeploymentPostprocessing = 0;
		};
/* End PBXSourcesBuildPhase section */

/* Begin PBXTargetDependency section */
		0A57A2C42CE664D50019E27F /* PBXTargetDependency */ = {
			isa = PBXTargetDependency;
			target = 0A57A2B12CE664D40019E27F /* Flights */;
			targetProxy = 0A57A2C32CE664D50019E27F /* PBXContainerItemProxy */;
		};
		0A57A2CE2CE664D50019E27F /* PBXTargetDependency */ = {
			isa = PBXTargetDependency;
			target = 0A57A2B12CE664D40019E27F /* Flights */;
			targetProxy = 0A57A2CD2CE664D50019E27F /* PBXContainerItemProxy */;
		};
/* End PBXTargetDependency section */

/* Begin XCBuildConfiguration section */
		0A57A2D42CE664D50019E27F /* Debug */ = {
			isa = XCBuildConfiguration;
			buildSettings = {
				ALWAYS_SEARCH_USER_PATHS = NO;
				ASSETCATALOG_COMPILER_GENERATE_SWIFT_ASSET_SYMBOL_EXTENSIONS = YES;
				CLANG_ANALYZER_NONNULL = YES;
				CLANG_ANALYZER_NUMBER_OBJECT_CONVERSION = YES_AGGRESSIVE;
				CLANG_CXX_LANGUAGE_STANDARD = "gnu++20";
				CLANG_ENABLE_MODULES = YES;
				CLANG_ENABLE_OBJC_ARC = YES;
				CLANG_ENABLE_OBJC_WEAK = YES;
				CLANG_WARN_BLOCK_CAPTURE_AUTORELEASING = YES;
				CLANG_WARN_BOOL_CONVERSION = YES;
				CLANG_WARN_COMMA = YES;
				CLANG_WARN_CONSTANT_CONVERSION = YES;
				CLANG_WARN_DEPRECATED_OBJC_IMPLEMENTATIONS = YES;
				CLANG_WARN_DIRECT_OBJC_ISA_USAGE = YES_ERROR;
				CLANG_WARN_DOCUMENTATION_COMMENTS = YES;
				CLANG_WARN_EMPTY_BODY = YES;
				CLANG_WARN_ENUM_CONVERSION = YES;
				CLANG_WARN_INFINITE_RECURSION = YES;
				CLANG_WARN_INT_CONVERSION = YES;
				CLANG_WARN_NON_LITERAL_NULL_CONVERSION = YES;
				CLANG_WARN_OBJC_IMPLICIT_RETAIN_SELF = YES;
				CLANG_WARN_OBJC_LITERAL_CONVERSION = YES;
				CLANG_WARN_OBJC_ROOT_CLASS = YES_ERROR;
				CLANG_WARN_QUOTED_INCLUDE_IN_FRAMEWORK_HEADER = YES;
				CLANG_WARN_RANGE_LOOP_ANALYSIS = YES;
				CLANG_WARN_STRICT_PROTOTYPES = YES;
				CLANG_WARN_SUSPICIOUS_MOVE = YES;
				CLANG_WARN_UNGUARDED_AVAILABILITY = YES_AGGRESSIVE;
				CLANG_WARN_UNREACHABLE_CODE = YES;
				CLANG_WARN__DUPLICATE_METHOD_MATCH = YES;
				COPY_PHASE_STRIP = NO;
				DEBUG_INFORMATION_FORMAT = dwarf;
				ENABLE_STRICT_OBJC_MSGSEND = YES;
				ENABLE_TESTABILITY = YES;
				ENABLE_USER_SCRIPT_SANDBOXING = YES;
				GCC_C_LANGUAGE_STANDARD = gnu17;
				GCC_DYNAMIC_NO_PIC = NO;
				GCC_NO_COMMON_BLOCKS = YES;
				GCC_OPTIMIZATION_LEVEL = 0;
				GCC_PREPROCESSOR_DEFINITIONS = (
					"DEBUG=1",
					"$(inherited)",
				);
				GCC_WARN_64_TO_32_BIT_CONVERSION = YES;
				GCC_WARN_ABOUT_RETURN_TYPE = YES_ERROR;
				GCC_WARN_UNDECLARED_SELECTOR = YES;
				GCC_WARN_UNINITIALIZED_AUTOS = YES_AGGRESSIVE;
				GCC_WARN_UNUSED_FUNCTION = YES;
				GCC_WARN_UNUSED_VARIABLE = YES;
				IPHONEOS_DEPLOYMENT_TARGET = 17.5;
				LOCALIZATION_PREFERS_STRING_CATALOGS = YES;
				MTL_ENABLE_DEBUG_INFO = INCLUDE_SOURCE;
				MTL_FAST_MATH = YES;
				ONLY_ACTIVE_ARCH = YES;
				SDKROOT = iphoneos;
				SWIFT_ACTIVE_COMPILATION_CONDITIONS = "DEBUG $(inherited)";
				SWIFT_OPTIMIZATION_LEVEL = "-Onone";
			};
			name = Debug;
		};
		0A57A2D52CE664D50019E27F /* Release */ = {
			isa = XCBuildConfiguration;
			buildSettings = {
				ALWAYS_SEARCH_USER_PATHS = NO;
				ASSETCATALOG_COMPILER_GENERATE_SWIFT_ASSET_SYMBOL_EXTENSIONS = YES;
				CLANG_ANALYZER_NONNULL = YES;
				CLANG_ANALYZER_NUMBER_OBJECT_CONVERSION = YES_AGGRESSIVE;
				CLANG_CXX_LANGUAGE_STANDARD = "gnu++20";
				CLANG_ENABLE_MODULES = YES;
				CLANG_ENABLE_OBJC_ARC = YES;
				CLANG_ENABLE_OBJC_WEAK = YES;
				CLANG_WARN_BLOCK_CAPTURE_AUTORELEASING = YES;
				CLANG_WARN_BOOL_CONVERSION = YES;
				CLANG_WARN_COMMA = YES;
				CLANG_WARN_CONSTANT_CONVERSION = YES;
				CLANG_WARN_DEPRECATED_OBJC_IMPLEMENTATIONS = YES;
				CLANG_WARN_DIRECT_OBJC_ISA_USAGE = YES_ERROR;
				CLANG_WARN_DOCUMENTATION_COMMENTS = YES;
				CLANG_WARN_EMPTY_BODY = YES;
				CLANG_WARN_ENUM_CONVERSION = YES;
				CLANG_WARN_INFINITE_RECURSION = YES;
				CLANG_WARN_INT_CONVERSION = YES;
				CLANG_WARN_NON_LITERAL_NULL_CONVERSION = YES;
				CLANG_WARN_OBJC_IMPLICIT_RETAIN_SELF = YES;
				CLANG_WARN_OBJC_LITERAL_CONVERSION = YES;
				CLANG_WARN_OBJC_ROOT_CLASS = YES_ERROR;
				CLANG_WARN_QUOTED_INCLUDE_IN_FRAMEWORK_HEADER = YES;
				CLANG_WARN_RANGE_LOOP_ANALYSIS = YES;
				CLANG_WARN_STRICT_PROTOTYPES = YES;
				CLANG_WARN_SUSPICIOUS_MOVE = YES;
				CLANG_WARN_UNGUARDED_AVAILABILITY = YES_AGGRESSIVE;
				CLANG_WARN_UNREACHABLE_CODE = YES;
				CLANG_WARN__DUPLICATE_METHOD_MATCH = YES;
				COPY_PHASE_STRIP = NO;
				DEBUG_INFORMATION_FORMAT = "dwarf-with-dsym";
				ENABLE_NS_ASSERTIONS = NO;
				ENABLE_STRICT_OBJC_MSGSEND = YES;
				ENABLE_USER_SCRIPT_SANDBOXING = YES;
				GCC_C_LANGUAGE_STANDARD = gnu17;
				GCC_NO_COMMON_BLOCKS = YES;
				GCC_WARN_64_TO_32_BIT_CONVERSION = YES;
				GCC_WARN_ABOUT_RETURN_TYPE = YES_ERROR;
				GCC_WARN_UNDECLARED_SELECTOR = YES;
				GCC_WARN_UNINITIALIZED_AUTOS = YES_AGGRESSIVE;
				GCC_WARN_UNUSED_FUNCTION = YES;
				GCC_WARN_UNUSED_VARIABLE = YES;
				IPHONEOS_DEPLOYMENT_TARGET = 17.5;
				LOCALIZATION_PREFERS_STRING_CATALOGS = YES;
				MTL_ENABLE_DEBUG_INFO = NO;
				MTL_FAST_MATH = YES;
				SDKROOT = iphoneos;
				SWIFT_COMPILATION_MODE = wholemodule;
				VALIDATE_PRODUCT = YES;
			};
			name = Release;
		};
		0A57A2D72CE664D50019E27F /* Debug */ = {
			isa = XCBuildConfiguration;
			buildSettings = {
				ASSETCATALOG_COMPILER_APPICON_NAME = AppIcon;
				ASSETCATALOG_COMPILER_GLOBAL_ACCENT_COLOR_NAME = AccentColor;
				CODE_SIGN_STYLE = Automatic;
				CURRENT_PROJECT_VERSION = 1;
				DEVELOPMENT_ASSET_PATHS = "\"Flights/Preview Content\"";
				ENABLE_PREVIEWS = YES;
				GENERATE_INFOPLIST_FILE = YES;
				INFOPLIST_KEY_UIApplicationSceneManifest_Generation = YES;
				INFOPLIST_KEY_UIApplicationSupportsIndirectInputEvents = YES;
				INFOPLIST_KEY_UILaunchScreen_Generation = YES;
				INFOPLIST_KEY_UISupportedInterfaceOrientations_iPad = "UIInterfaceOrientationPortrait UIInterfaceOrientationPortraitUpsideDown UIInterfaceOrientationLandscapeLeft UIInterfaceOrientationLandscapeRight";
				INFOPLIST_KEY_UISupportedInterfaceOrientations_iPhone = "UIInterfaceOrientationPortrait UIInterfaceOrientationLandscapeLeft UIInterfaceOrientationLandscapeRight";
				LD_RUNPATH_SEARCH_PATHS = (
					"$(inherited)",
					"@executable_path/Frameworks",
				);
				MARKETING_VERSION = 1.0;
				PRODUCT_BUNDLE_IDENTIFIER = Layanne.Flights;
				PRODUCT_NAME = "$(TARGET_NAME)";
				SWIFT_EMIT_LOC_STRINGS = YES;
				SWIFT_VERSION = 5.0;
				TARGETED_DEVICE_FAMILY = "1,2";
			};
			name = Debug;
		};
		0A57A2D82CE664D50019E27F /* Release */ = {
			isa = XCBuildConfiguration;
			buildSettings = {
				ASSETCATALOG_COMPILER_APPICON_NAME = AppIcon;
				ASSETCATALOG_COMPILER_GLOBAL_ACCENT_COLOR_NAME = AccentColor;
				CODE_SIGN_STYLE = Automatic;
				CURRENT_PROJECT_VERSION = 1;
				DEVELOPMENT_ASSET_PATHS = "\"Flights/Preview Content\"";
				ENABLE_PREVIEWS = YES;
				GENERATE_INFOPLIST_FILE = YES;
				INFOPLIST_KEY_UIApplicationSceneManifest_Generation = YES;
				INFOPLIST_KEY_UIApplicationSupportsIndirectInputEvents = YES;
				INFOPLIST_KEY_UILaunchScreen_Generation = YES;
				INFOPLIST_KEY_UISupportedInterfaceOrientations_iPad = "UIInterfaceOrientationPortrait UIInterfaceOrientationPortraitUpsideDown UIInterfaceOrientationLandscapeLeft UIInterfaceOrientationLandscapeRight";
				INFOPLIST_KEY_UISupportedInterfaceOrientations_iPhone = "UIInterfaceOrientationPortrait UIInterfaceOrientationLandscapeLeft UIInterfaceOrientationLandscapeRight";
				LD_RUNPATH_SEARCH_PATHS = (
					"$(inherited)",
					"@executable_path/Frameworks",
				);
				MARKETING_VERSION = 1.0;
				PRODUCT_BUNDLE_IDENTIFIER = Layanne.Flights;
				PRODUCT_NAME = "$(TARGET_NAME)";
				SWIFT_EMIT_LOC_STRINGS = YES;
				SWIFT_VERSION = 5.0;
				TARGETED_DEVICE_FAMILY = "1,2";
			};
			name = Release;
		};
		0A57A2DA2CE664D50019E27F /* Debug */ = {
			isa = XCBuildConfiguration;
			buildSettings = {
				ALWAYS_EMBED_SWIFT_STANDARD_LIBRARIES = YES;
				BUNDLE_LOADER = "$(TEST_HOST)";
				CODE_SIGN_STYLE = Automatic;
				CURRENT_PROJECT_VERSION = 1;
				GENERATE_INFOPLIST_FILE = YES;
				IPHONEOS_DEPLOYMENT_TARGET = 17.5;
				MARKETING_VERSION = 1.0;
				PRODUCT_BUNDLE_IDENTIFIER = Layanne.FlightsTests;
				PRODUCT_NAME = "$(TARGET_NAME)";
				SWIFT_EMIT_LOC_STRINGS = NO;
				SWIFT_VERSION = 5.0;
				TARGETED_DEVICE_FAMILY = "1,2";
				TEST_HOST = "$(BUILT_PRODUCTS_DIR)/Flights.app/$(BUNDLE_EXECUTABLE_FOLDER_PATH)/Flights";
			};
			name = Debug;
		};
		0A57A2DB2CE664D50019E27F /* Release */ = {
			isa = XCBuildConfiguration;
			buildSettings = {
				ALWAYS_EMBED_SWIFT_STANDARD_LIBRARIES = YES;
				BUNDLE_LOADER = "$(TEST_HOST)";
				CODE_SIGN_STYLE = Automatic;
				CURRENT_PROJECT_VERSION = 1;
				GENERATE_INFOPLIST_FILE = YES;
				IPHONEOS_DEPLOYMENT_TARGET = 17.5;
				MARKETING_VERSION = 1.0;
				PRODUCT_BUNDLE_IDENTIFIER = Layanne.FlightsTests;
				PRODUCT_NAME = "$(TARGET_NAME)";
				SWIFT_EMIT_LOC_STRINGS = NO;
				SWIFT_VERSION = 5.0;
				TARGETED_DEVICE_FAMILY = "1,2";
				TEST_HOST = "$(BUILT_PRODUCTS_DIR)/Flights.app/$(BUNDLE_EXECUTABLE_FOLDER_PATH)/Flights";
			};
			name = Release;
		};
		0A57A2DD2CE664D50019E27F /* Debug */ = {
			isa = XCBuildConfiguration;
			buildSettings = {
				ALWAYS_EMBED_SWIFT_STANDARD_LIBRARIES = YES;
				CODE_SIGN_STYLE = Automatic;
				CURRENT_PROJECT_VERSION = 1;
				GENERATE_INFOPLIST_FILE = YES;
				MARKETING_VERSION = 1.0;
				PRODUCT_BUNDLE_IDENTIFIER = Layanne.FlightsUITests;
				PRODUCT_NAME = "$(TARGET_NAME)";
				SWIFT_EMIT_LOC_STRINGS = NO;
				SWIFT_VERSION = 5.0;
				TARGETED_DEVICE_FAMILY = "1,2";
				TEST_TARGET_NAME = Flights;
			};
			name = Debug;
		};
		0A57A2DE2CE664D50019E27F /* Release */ = {
			isa = XCBuildConfiguration;
			buildSettings = {
				ALWAYS_EMBED_SWIFT_STANDARD_LIBRARIES = YES;
				CODE_SIGN_STYLE = Automatic;
				CURRENT_PROJECT_VERSION = 1;
				GENERATE_INFOPLIST_FILE = YES;
				MARKETING_VERSION = 1.0;
				PRODUCT_BUNDLE_IDENTIFIER = Layanne.FlightsUITests;
				PRODUCT_NAME = "$(TARGET_NAME)";
				SWIFT_EMIT_LOC_STRINGS = NO;
				SWIFT_VERSION = 5.0;
				TARGETED_DEVICE_FAMILY = "1,2";
				TEST_TARGET_NAME = Flights;
			};
			name = Release;
		};
/* End XCBuildConfiguration section */

/* Begin XCConfigurationList section */
		0A57A2AD2CE664D40019E27F /* Build configuration list for PBXProject "Flights" */ = {
			isa = XCConfigurationList;
			buildConfigurations = (
				0A57A2D42CE664D50019E27F /* Debug */,
				0A57A2D52CE664D50019E27F /* Release */,
			);
			defaultConfigurationIsVisible = 0;
			defaultConfigurationName = Release;
		};
		0A57A2D62CE664D50019E27F /* Build configuration list for PBXNativeTarget "Flights" */ = {
			isa = XCConfigurationList;
			buildConfigurations = (
				0A57A2D72CE664D50019E27F /* Debug */,
				0A57A2D82CE664D50019E27F /* Release */,
			);
			defaultConfigurationIsVisible = 0;
			defaultConfigurationName = Release;
		};
		0A57A2D92CE664D50019E27F /* Build configuration list for PBXNativeTarget "FlightsTests" */ = {
			isa = XCConfigurationList;
			buildConfigurations = (
				0A57A2DA2CE664D50019E27F /* Debug */,
				0A57A2DB2CE664D50019E27F /* Release */,
			);
			defaultConfigurationIsVisible = 0;
			defaultConfigurationName = Release;
		};
		0A57A2DC2CE664D50019E27F /* Build configuration list for PBXNativeTarget "FlightsUITests" */ = {
			isa = XCConfigurationList;
			buildConfigurations = (
				0A57A2DD2CE664D50019E27F /* Debug */,
				0A57A2DE2CE664D50019E27F /* Release */,
			);
			defaultConfigurationIsVisible = 0;
			defaultConfigurationName = Release;
		};
/* End XCConfigurationList section */
	};
	rootObject = 0A57A2AA2CE664D40019E27F /* Project object */;
}
